
Microsoft Visual Studio Solution File, Format Version 12.00
# Visual Studio Version 17
VisualStudioVersion = 17.8.34511.84
MinimumVisualStudioVersion = 10.0.40219.1
Project("{FAE04EC0-301F-11D3-BF4B-00C04F79EFBC}") = "WebSpectre.Client", "WebSpectre.Client\WebSpectre.Client.csproj", "{63C51CFB-C322-428B-9036-E3D23D2F0359}"
EndProject
Global
	GlobalSection(SolutionConfigurationPlatforms) = preSolution
		Debug|Any CPU = Debug|Any CPU
		Release|Any CPU = Release|Any CPU
	EndGlobalSection
	GlobalSection(ProjectConfigurationPlatforms) = postSolution
		{63C51CFB-C322-428B-9036-E3D23D2F0359}.Debug|Any CPU.ActiveCfg = Debug|Any CPU
		{63C51CFB-C322-428B-9036-E3D23D2F0359}.Debug|Any CPU.Build.0 = Debug|Any CPU
		{63C51CFB-C322-428B-9036-E3D23D2F0359}.Release|Any CPU.ActiveCfg = Release|Any CPU
		{63C51CFB-C322-428B-9036-E3D23D2F0359}.Release|Any CPU.Build.0 = Release|Any CPU
	EndGlobalSection
	GlobalSection(SolutionProperties) = preSolution
		HideSolutionNode = FALSE
	EndGlobalSection
	GlobalSection(ExtensibilityGlobals) = postSolution
		SolutionGuid = {AE006C1D-D453-4568-9DF9-7B2BE4881861}
	EndGlobalSection
EndGlobal
